{
  "name": "ias-project-react",
  "lockfileVersion": 3,
  "requires": true,
  "packages": {
    "": {
      "dependencies": {
        "glsl-canny-edge-detection": "^1.0.1"
      }
    },
    "node_modules/glsl-canny-edge-detection": {
      "version": "1.0.1",
      "resolved": "https://registry.npmjs.org/glsl-canny-edge-detection/-/glsl-canny-edge-detection-1.0.1.tgz",
      "integrity": "sha512-yGu2zmlz/CIVfWLIBW/JcCq9fr0XYLSfBysEk+dDMxNRUq04NGnzEOPtLY+GGBZ1euhdqEIeBXhRB/iKEdovcQ==",
      "dependencies": {
        "glsl-fast-gaussian-blur": "^1.0.2"
      }
    },
    "node_modules/glsl-fast-gaussian-blur": {
      "version": "1.0.2",
      "resolved": "https://registry.npmjs.org/glsl-fast-gaussian-blur/-/glsl-fast-gaussian-blur-1.0.2.tgz",
      "integrity": "sha512-+jkGGhe+3twjyxnmvP3uxVnAUqLdW0tXvvKLCwM/wD7jV5TMEk1w4ZlPIVRt7hexk9jkFEsWGkr9H+1b/aJYrw=="
    }
  }
}
