{
  "name": "ias-project-react",
  "lockfileVersion": 3,
  "requires": true,
  "packages": {
    "": {
      "dependencies": {
        "react-numeric-input": "^2.2.3"
      }
    },
    "node_modules/react-numeric-input": {
      "version": "2.2.3",
      "resolved": "https://registry.npmjs.org/react-numeric-input/-/react-numeric-input-2.2.3.tgz",
      "integrity": "sha512-0hDXY8eznhTNMYfmeXRo/R1Fyx//ub0C/tpXbIeEaTnG72P95MGGMvJbiX5i+mnmiFVT6OCgIR33mke45nNZzQ==",
      "peerDependencies": {
        "react": ">=0.14.0 || ^15.6.1 || ^16.0.0"
      }
    }
  }
}
