# THIS IS AN AUTOGENERATED FILE. DO NOT EDIT THIS FILE DIRECTLY.
# yarn lockfile v1


"@babel/runtime@^7.21.0":
  version "7.21.0"
  resolved "https://registry.yarnpkg.com/@babel/runtime/-/runtime-7.21.0.tgz#5b55c9d394e5fcf304909a8b00c07dc217b56673"
  integrity sha512-xwII0//EObnq89Ji5AKYQaRYiW/nZ3llSv29d49IuxPhKbtJoLP+9QUUZ4nVragQVtaVGeZrpB+ZtG/Pdy/POw==
  dependencies:
    regenerator-runtime "^0.13.11"

"@mui/utils@^5.11.13":
  version "5.11.13"
  resolved "https://registry.yarnpkg.com/@mui/utils/-/utils-5.11.13.tgz#8d7317f221e8973200764820fa7f2a622dbc7150"
  integrity sha512-5ltA58MM9euOuUcnvwFJqpLdEugc9XFsRR8Gt4zZNb31XzMfSKJPR4eumulyhsOTK1rWf7K4D63NKFPfX0AxqA==
  dependencies:
    "@babel/runtime" "^7.21.0"
    "@types/prop-types" "^15.7.5"
    "@types/react-is" "^16.7.1 || ^17.0.0"
    prop-types "^15.8.1"
    react-is "^18.2.0"

"@mui/x-data-grid-pro@^6.0.3":
  version "6.0.3"
  resolved "https://registry.yarnpkg.com/@mui/x-data-grid-pro/-/x-data-grid-pro-6.0.3.tgz#bc332cc7d5d77a08934076f64a55c3349bfbb472"
  integrity sha512-rgZmFlvnrKl7Zt9xKbProDfdT6S9F/xIS5d66v78UHANZjY5F1ADWqXGdZHOZM0zAERXhT78ojGMU3mX8+fGeg==
  dependencies:
    "@babel/runtime" "^7.21.0"
    "@mui/utils" "^5.11.13"
    "@mui/x-data-grid" "6.0.3"
    "@mui/x-license-pro" "6.0.3"
    "@types/format-util" "^1.0.2"
    clsx "^1.2.1"
    prop-types "^15.8.1"
    reselect "^4.1.7"

"@mui/x-data-grid@6.0.3":
  version "6.0.3"
  resolved "https://registry.yarnpkg.com/@mui/x-data-grid/-/x-data-grid-6.0.3.tgz#ff780a83c7f298ada6c1c02149e4269e7eece4d3"
  integrity sha512-wcv5O+p25ouvB100FwVPLTLBAmvoP1SaTtOxpCYbfVSLMKkP4bbynA9a+enWtnuvcC8k5qvI75Tx5nRVbFUykA==
  dependencies:
    "@babel/runtime" "^7.21.0"
    "@mui/utils" "^5.11.13"
    clsx "^1.2.1"
    prop-types "^15.8.1"
    reselect "^4.1.7"

"@mui/x-license-pro@6.0.3":
  version "6.0.3"
  resolved "https://registry.yarnpkg.com/@mui/x-license-pro/-/x-license-pro-6.0.3.tgz#162a3ddf7e8676aa0a43490df7fc386dd4918ae2"
  integrity sha512-4SLR4KKYNU53H1RRwM4Pw0Lwneivsqrng2GSD8aoozCP4qWL+PxEIw67q91FvYSvWJr3LMFS90hQE6TI0xXv4Q==
  dependencies:
    "@babel/runtime" "^7.21.0"
    "@mui/utils" "^5.11.13"

"@types/format-util@^1.0.2":
  version "1.0.2"
  resolved "https://registry.yarnpkg.com/@types/format-util/-/format-util-1.0.2.tgz#7d19feb1caf59b6ea99c83dfe795ffa3f06b87d7"
  integrity sha512-9SrLCpgzWo2yHHhiMOX0WwgDh37nSbDbWUsRc1ss++o8O97E3tB6SJiyUQM21UeUsKvZNuhDCmkRaINZ4uJAfg==

"@types/prop-types@*", "@types/prop-types@^15.7.5":
  version "15.7.5"
  resolved "https://registry.yarnpkg.com/@types/prop-types/-/prop-types-15.7.5.tgz#5f19d2b85a98e9558036f6a3cacc8819420f05cf"
  integrity sha512-JCB8C6SnDoQf0cNycqd/35A7MjcnK+ZTqE7judS6o7utxUCg6imJg3QK2qzHKszlTjcj2cn+NwMB2i96ubpj7w==

"@types/react-is@^16.7.1 || ^17.0.0":
  version "17.0.3"
  resolved "https://registry.yarnpkg.com/@types/react-is/-/react-is-17.0.3.tgz#2d855ba575f2fc8d17ef9861f084acc4b90a137a"
  integrity sha512-aBTIWg1emtu95bLTLx0cpkxwGW3ueZv71nE2YFBpL8k/z5czEW8yYpOo8Dp+UUAFAtKwNaOsh/ioSeQnWlZcfw==
  dependencies:
    "@types/react" "*"

"@types/react@*":
  version "18.0.31"
  resolved "https://registry.yarnpkg.com/@types/react/-/react-18.0.31.tgz#a69ef8dd7bfa849734d258c793a8fe343a338205"
  integrity sha512-EEG67of7DsvRDU6BLLI0p+k1GojDLz9+lZsnCpCRTa/lOokvyPBvp8S5x+A24hME3yyQuIipcP70KJ6H7Qupww==
  dependencies:
    "@types/prop-types" "*"
    "@types/scheduler" "*"
    csstype "^3.0.2"

"@types/scheduler@*":
  version "0.16.3"
  resolved "https://registry.yarnpkg.com/@types/scheduler/-/scheduler-0.16.3.tgz#cef09e3ec9af1d63d2a6cc5b383a737e24e6dcf5"
  integrity sha512-5cJ8CB4yAx7BH1oMvdU0Jh9lrEXyPkar6F9G/ERswkCuvP4KQZfZkSjcMbAICCpQTN4OuZn8tz0HiKv9TGZgrQ==

clsx@^1.2.1:
  version "1.2.1"
  resolved "https://registry.yarnpkg.com/clsx/-/clsx-1.2.1.tgz#0ddc4a20a549b59c93a4116bb26f5294ca17dc12"
  integrity sha512-EcR6r5a8bj6pu3ycsa/E/cKVGuTgZJZdsyUYHOksG/UHIiKfjxzRxYJpyVBwYaQeOvghal9fcc4PidlgzugAQg==

csstype@^3.0.2:
  version "3.1.1"
  resolved "https://registry.yarnpkg.com/csstype/-/csstype-3.1.1.tgz#841b532c45c758ee546a11d5bd7b7b473c8c30b9"
  integrity sha512-DJR/VvkAvSZW9bTouZue2sSxDwdTN92uHjqeKVm+0dAqdfNykRzQ95tay8aXMBAAPpUiq4Qcug2L7neoRh2Egw==

"js-tokens@^3.0.0 || ^4.0.0":
  version "4.0.0"
  resolved "https://registry.yarnpkg.com/js-tokens/-/js-tokens-4.0.0.tgz#19203fb59991df98e3a287050d4647cdeaf32499"
  integrity sha512-RdJUflcE3cUzKiMqQgsCu06FPu9UdIJO0beYbPhHN4k6apgJtifcoCtT9bcxOpYBtpD2kCM6Sbzg4CausW/PKQ==

loose-envify@^1.4.0:
  version "1.4.0"
  resolved "https://registry.yarnpkg.com/loose-envify/-/loose-envify-1.4.0.tgz#71ee51fa7be4caec1a63839f7e682d8132d30caf"
  integrity sha512-lyuxPGr/Wfhrlem2CL/UcnUc1zcqKAImBDzukY7Y5F/yQiNdko6+fRLevlw1HgMySw7f611UIY408EtxRSoK3Q==
  dependencies:
    js-tokens "^3.0.0 || ^4.0.0"

object-assign@^4.1.1:
  version "4.1.1"
  resolved "https://registry.yarnpkg.com/object-assign/-/object-assign-4.1.1.tgz#2109adc7965887cfc05cbbd442cac8bfbb360863"
  integrity sha512-rJgTQnkUnH1sFw8yT6VSU3zD3sWmu6sZhIseY8VX+GRu3P6F7Fu+JNDoXfklElbLJSnc3FUQHVe4cU5hj+BcUg==

prop-types@^15.8.1:
  version "15.8.1"
  resolved "https://registry.yarnpkg.com/prop-types/-/prop-types-15.8.1.tgz#67d87bf1a694f48435cf332c24af10214a3140b5"
  integrity sha512-oj87CgZICdulUohogVAR7AjlC0327U4el4L6eAvOqCeudMDVU0NThNaV+b9Df4dXgSP1gXMTnPdhfe/2qDH5cg==
  dependencies:
    loose-envify "^1.4.0"
    object-assign "^4.1.1"
    react-is "^16.13.1"

react-is@^16.13.1:
  version "16.13.1"
  resolved "https://registry.yarnpkg.com/react-is/-/react-is-16.13.1.tgz#789729a4dc36de2999dc156dd6c1d9c18cea56a4"
  integrity sha512-24e6ynE2H+OKt4kqsOvNd8kBpV65zoxbA4BVsEOB3ARVWQki/DHzaUoC5KuON/BiccDaCCTZBuOcfZs70kR8bQ==

react-is@^18.2.0:
  version "18.2.0"
  resolved "https://registry.yarnpkg.com/react-is/-/react-is-18.2.0.tgz#199431eeaaa2e09f86427efbb4f1473edb47609b"
  integrity sha512-xWGDIW6x921xtzPkhiULtthJHoJvBbF3q26fzloPCK0hsvxtPVelvftw3zjbHWSkR2km9Z+4uxbDDK/6Zw9B8w==

regenerator-runtime@^0.13.11:
  version "0.13.11"
  resolved "https://registry.yarnpkg.com/regenerator-runtime/-/regenerator-runtime-0.13.11.tgz#f6dca3e7ceec20590d07ada785636a90cdca17f9"
  integrity sha512-kY1AZVr2Ra+t+piVaJ4gxaFaReZVH40AKNo7UCX6W+dEwBo/2oZJzqfuN1qLq1oL45o56cPaTXELwrTh8Fpggg==

reselect@^4.1.7:
  version "4.1.7"
  resolved "https://registry.yarnpkg.com/reselect/-/reselect-4.1.7.tgz#56480d9ff3d3188970ee2b76527bd94a95567a42"
  integrity sha512-Zu1xbUt3/OPwsXL46hvOOoQrap2azE7ZQbokq61BQfiXvhewsKDwhMeZjTX9sX0nvw1t/U5Audyn1I9P/m9z0A==
